// !$*UTF8*$!
{
	archiveVersion = 1;
	classes = {
	};
	objectVersion = 46;
	objects = {

/* Begin PBXBuildFile section */
		064C7AA91CD122C8002BC850 /* AppDelegate.swift in Sources */ = {isa = PBXBuildFile; fileRef = 064C7AA81CD122C8002BC850 /* AppDelegate.swift */; };
		064C7AAB1CD122C8002BC850 /* ViewController.swift in Sources */ = {isa = PBXBuildFile; fileRef = 064C7AAA1CD122C8002BC850 /* ViewController.swift */; };
		064C7AAE1CD122C8002BC850 /* Main.storyboard in Resources */ = {isa = PBXBuildFile; fileRef = 064C7AAC1CD122C8002BC850 /* Main.storyboard */; };
		064C7AB01CD122C8002BC850 /* Assets.xcassets in Resources */ = {isa = PBXBuildFile; fileRef = 064C7AAF1CD122C8002BC850 /* Assets.xcassets */; };
		064C7ABD1CD16FAD002BC850 /* AboutViewController.swift in Sources */ = {isa = PBXBuildFile; fileRef = 064C7ABC1CD16FAD002BC850 /* AboutViewController.swift */; };
		064C7AC11CD288AF002BC850 /* BullsEye.html in Resources */ = {isa = PBXBuildFile; fileRef = 064C7AC01CD288AF002BC850 /* BullsEye.html */; };
		064C7AC81CD2A6EF002BC850 /* Default-568h@2x.png in Resources */ = {isa = PBXBuildFile; fileRef = 064C7AC61CD2A6EF002BC850 /* Default-568h@2x.png */; };
		064C7AC91CD2A6EF002BC850 /* Default@2x.png in Resources */ = {isa = PBXBuildFile; fileRef = 064C7AC71CD2A6EF002BC850 /* Default@2x.png */; };
/* End PBXBuildFile section */

/* Begin PBXFileReference section */
		064C7AA51CD122C8002BC850 /* BullsEye.app */ = {isa = PBXFileReference; explicitFileType = wrapper.application; includeInIndex = 0; path = BullsEye.app; sourceTree = BUILT_PRODUCTS_DIR; };
		064C7AA81CD122C8002BC850 /* AppDelegate.swift */ = {isa = PBXFileReference; lastKnownFileType = sourcecode.swift; path = AppDelegate.swift; sourceTree = "<group>"; };
		064C7AAA1CD122C8002BC850 /* ViewController.swift */ = {isa = PBXFileReference; lastKnownFileType = sourcecode.swift; path = ViewController.swift; sourceTree = "<group>"; };
		064C7AAD1CD122C8002BC850 /* Base */ = {isa = PBXFileReference; lastKnownFileType = file.storyboard; name = Base; path = Base.lproj/Main.storyboard; sourceTree = "<group>"; };
		064C7AAF1CD122C8002BC850 /* Assets.xcassets */ = {isa = PBXFileReference; lastKnownFileType = folder.assetcatalog; path = Assets.xcassets; sourceTree = "<group>"; };
		064C7AB41CD122C8002BC850 /* Info.plist */ = {isa = PBXFileReference; lastKnownFileType = text.plist.xml; path = Info.plist; sourceTree = "<group>"; };
		064C7ABC1CD16FAD002BC850 /* AboutViewController.swift */ = {isa = PBXFileReference; fileEncoding = 4; lastKnownFileType = sourcecode.swift; path = AboutViewController.swift; sourceTree = "<group>"; };
		064C7AC01CD288AF002BC850 /* BullsEye.html */ = {isa = PBXFileReference; fileEncoding = 4; lastKnownFileType = text.html; path = BullsEye.html; sourceTree = "<group>"; };
		064C7AC61CD2A6EF002BC850 /* Default-568h@2x.png */ = {isa = PBXFileReference; lastKnownFileType = image.png; path = "Default-568h@2x.png"; sourceTree = "<group>"; };
		064C7AC71CD2A6EF002BC850 /* Default@2x.png */ = {isa = PBXFileReference; lastKnownFileType = image.png; path = "Default@2x.png"; sourceTree = "<group>"; };
/* End PBXFileReference section */

/* Begin PBXFrameworksBuildPhase section */
		064C7AA21CD122C8002BC850 /* Frameworks */ = {
			isa = PBXFrameworksBuildPhase;
			buildActionMask = 2147483647;
			files = (
			);
			runOnlyForDeploymentPostprocessing = 0;
		};
/* End PBXFrameworksBuildPhase section */

/* Begin PBXGroup section */
		064C7A9C1CD122C8002BC850 = {
			isa = PBXGroup;
			children = (
				064C7ABC1CD16FAD002BC850 /* AboutViewController.swift */,
				064C7AA71CD122C8002BC850 /* BullsEye */,
				064C7AA61CD122C8002BC850 /* Products */,
			);
			sourceTree = "<group>";
		};
		064C7AA61CD122C8002BC850 /* Products */ = {
			isa = PBXGroup;
			children = (
				064C7AA51CD122C8002BC850 /* BullsEye.app */,
			);
			name = Products;
			sourceTree = "<group>";
		};
		064C7AA71CD122C8002BC850 /* BullsEye */ = {
			isa = PBXGroup;
			children = (
				064C7AC61CD2A6EF002BC850 /* Default-568h@2x.png */,
				064C7AC71CD2A6EF002BC850 /* Default@2x.png */,
				064C7AC01CD288AF002BC850 /* BullsEye.html */,
				064C7AA81CD122C8002BC850 /* AppDelegate.swift */,
				064C7AAA1CD122C8002BC850 /* ViewController.swift */,
				064C7AAC1CD122C8002BC850 /* Main.storyboard */,
				064C7AAF1CD122C8002BC850 /* Assets.xcassets */,
				064C7AB41CD122C8002BC850 /* Info.plist */,
			);
			path = BullsEye;
			sourceTree = "<group>";
		};
/* End PBXGroup section */

/* Begin PBXNativeTarget section */
		064C7AA41CD122C8002BC850 /* BullsEye */ = {
			isa = PBXNativeTarget;
			buildConfigurationList = 064C7AB71CD122C8002BC850 /* Build configuration list for PBXNativeTarget "BullsEye" */;
			buildPhases = (
				064C7AA11CD122C8002BC850 /* Sources */,
				064C7AA21CD122C8002BC850 /* Frameworks */,
				064C7AA31CD122C8002BC850 /* Resources */,
			);
			buildRules = (
			);
			dependencies = (
			);
			name = BullsEye;
			productName = BullsEye;
			productReference = 064C7AA51CD122C8002BC850 /* BullsEye.app */;
			productType = "com.apple.product-type.application";
		};
/* End PBXNativeTarget section */

/* Begin PBXProject section */
		064C7A9D1CD122C8002BC850 /* Project object */ = {
			isa = PBXProject;
			attributes = {
				LastSwiftUpdateCheck = 0730;
				LastUpgradeCheck = 0730;
				ORGANIZATIONNAME = "Alex Robinson";
				TargetAttributes = {
					064C7AA41CD122C8002BC850 = {
						CreatedOnToolsVersion = 7.3;
						DevelopmentTeam = Y2D8G9WM29;
					};
				};
			};
			buildConfigurationList = 064C7AA01CD122C8002BC850 /* Build configuration list for PBXProject "BullsEye" */;
			compatibilityVersion = "Xcode 3.2";
			developmentRegion = English;
			hasScannedForEncodings = 0;
			knownRegions = (
				en,
				Base,
			);
			mainGroup = 064C7A9C1CD122C8002BC850;
			productRefGroup = 064C7AA61CD122C8002BC850 /* Products */;
			projectDirPath = "";
			projectRoot = "";
			targets = (
				064C7AA41CD122C8002BC850 /* BullsEye */,
			);
		};
/* End PBXProject section */

/* Begin PBXResourcesBuildPhase section */
		064C7AA31CD122C8002BC850 /* Resources */ = {
			isa = PBXResourcesBuildPhase;
			buildActionMask = 2147483647;
			files = (
				064C7AC11CD288AF002BC850 /* BullsEye.html in Resources */,
				064C7AC81CD2A6EF002BC850 /* Default-568h@2x.png in Resources */,
				064C7AC91CD2A6EF002BC850 /* Default@2x.png in Resources */,
				064C7AB01CD122C8002BC850 /* Assets.xcassets in Resources */,
				064C7AAE1CD122C8002BC850 /* Main.storyboard in Resources */,
			);
			runOnlyForDeploymentPostprocessing = 0;
		};
/* End PBXResourcesBuildPhase section */

/* Begin PBXSourcesBuildPhase section */
		064C7AA11CD122C8002BC850 /* Sources */ = {
			isa = PBXSourcesBuildPhase;
			buildActionMask = 2147483647;
			files = (
				064C7ABD1CD16FAD002BC850 /* AboutViewController.swift in Sources */,
				064C7AAB1CD122C8002BC850 /* ViewController.swift in Sources */,
				064C7AA91CD122C8002BC850 /* AppDelegate.swift in Sources */,
			);
			runOnlyForDeploymentPostprocessing = 0;
		};
/* End PBXSourcesBuildPhase section */

/* Begin PBXVariantGroup section */
		064C7AAC1CD122C8002BC850 /* Main.storyboard */ = {
			isa = PBXVariantGroup;
			children = (
				064C7AAD1CD122C8002BC850 /* Base */,
			);
			name = Main.storyboard;
			sourceTree = "<group>";
		};
/* End PBXVariantGroup section */

/* Begin XCBuildConfiguration section */
		064C7AB51CD122C8002BC850 /* Debug */ = {
			isa = XCBuildConfiguration;
			buildSettings = {
				ALWAYS_SEARCH_USER_PATHS = NO;
				CLANG_ANALYZER_NONNULL = YES;
				CLANG_CXX_LANGUAGE_STANDARD = "gnu++0x";
				CLANG_CXX_LIBRARY = "libc++";
				CLANG_ENABLE_MODULES = YES;
				CLANG_ENABLE_OBJC_ARC = YES;
				CLANG_WARN_BOOL_CONVERSION = YES;
				CLANG_WARN_CONSTANT_CONVERSION = YES;
				CLANG_WARN_DIRECT_OBJC_ISA_USAGE = YES_ERROR;
				CLANG_WARN_EMPTY_BODY = YES;
				CLANG_WARN_ENUM_CONVERSION = YES;
				CLANG_WARN_INT_CONVERSION = YES;
				CLANG_WARN_OBJC_ROOT_CLASS = YES_ERROR;
				CLANG_WARN_UNREACHABLE_CODE = YES;
				CLANG_WARN__DUPLICATE_METHOD_MATCH = YES;
				"CODE_SIGN_IDENTITY[sdk=iphoneos*]" = "iPhone Developer";
				COPY_PHASE_STRIP = NO;
				DEBUG_INFORMATION_FORMAT = dwarf;
				ENABLE_STRICT_OBJC_MSGSEND = YES;
				ENABLE_TESTABILITY = YES;
				GCC_C_LANGUAGE_STANDARD = gnu99;
				GCC_DYNAMIC_NO_PIC = NO;
				GCC_NO_COMMON_BLOCKS = YES;
				GCC_OPTIMIZATION_LEVEL = 0;
				GCC_PREPROCESSOR_DEFINITIONS = (
					"DEBUG=1",
					"$(inherited)",
				);
				GCC_WARN_64_TO_32_BIT_CONVERSION = YES;
				GCC_WARN_ABOUT_RETURN_TYPE = YES_ERROR;
				GCC_WARN_UNDECLARED_SELECTOR = YES;
				GCC_WARN_UNINITIALIZED_AUTOS = YES_AGGRESSIVE;
				GCC_WARN_UNUSED_FUNCTION = YES;
				GCC_WARN_UNUSED_VARIABLE = YES;
				IPHONEOS_DEPLOYMENT_TARGET = 9.3;
				MTL_ENABLE_DEBUG_INFO = YES;
				ONLY_ACTIVE_ARCH = YES;
				SDKROOT = iphoneos;
				SWIFT_OPTIMIZATION_LEVEL = "-Onone";
			};
			name = Debug;
		};
		064C7AB61CD122C8002BC850 /* Release */ = {
			isa = XCBuildConfiguration;
			buildSettings = {
				ALWAYS_SEARCH_USER_PATHS = NO;
				CLANG_ANALYZER_NONNULL = YES;
				CLANG_CXX_LANGUAGE_STANDARD = "gnu++0x";
				CLANG_CXX_LIBRARY = "libc++";
				CLANG_ENABLE_MODULES = YES;
				CLANG_ENABLE_OBJC_ARC = YES;
				CLANG_WARN_BOOL_CONVERSION = YES;
				CLANG_WARN_CONSTANT_CONVERSION = YES;
				CLANG_WARN_DIRECT_OBJC_ISA_USAGE = YES_ERROR;
				CLANG_WARN_EMPTY_BODY = YES;
				CLANG_WARN_ENUM_CONVERSION = YES;
				CLANG_WARN_INT_CONVERSION = YES;
				CLANG_WARN_OBJC_ROOT_CLASS = YES_ERROR;
				CLANG_WARN_UNREACHABLE_CODE = YES;
				CLANG_WARN__DUPLICATE_METHOD_MATCH = YES;
				"CODE_SIGN_IDENTITY[sdk=iphoneos*]" = "iPhone Developer";
				COPY_PHASE_STRIP = NO;
				DEBUG_INFORMATION_FORMAT = "dwarf-with-dsym";
				ENABLE_NS_ASSERTIONS = NO;
				ENABLE_STRICT_OBJC_MSGSEND = YES;
				GCC_C_LANGUAGE_STANDARD = gnu99;
				GCC_NO_COMMON_BLOCKS = YES;
				GCC_WARN_64_TO_32_BIT_CONVERSION = YES;
				GCC_WARN_ABOUT_RETURN_TYPE = YES_ERROR;
				GCC_WARN_UNDECLARED_SELECTOR = YES;
				GCC_WARN_UNINITIALIZED_AUTOS = YES_AGGRESSIVE;
				GCC_WARN_UNUSED_FUNCTION = YES;
				GCC_WARN_UNUSED_VARIABLE = YES;
				IPHONEOS_DEPLOYMENT_TARGET = 9.3;
				MTL_ENABLE_DEBUG_INFO = NO;
				SDKROOT = iphoneos;
				VALIDATE_PRODUCT = YES;
			};
			name = Release;
		};
		064C7AB81CD122C8002BC850 /* Debug */ = {
			isa = XCBuildConfiguration;
			buildSettings = {
				ASSETCATALOG_COMPILER_APPICON_NAME = AppIcon;
				CODE_SIGN_IDENTITY = "iPhone Developer";
				INFOPLIST_FILE = BullsEye/Info.plist;
				LD_RUNPATH_SEARCH_PATHS = "$(inherited) @executable_path/Frameworks";
				PRODUCT_BUNDLE_IDENTIFIER = com.alexr.BullsEye;
				PRODUCT_NAME = "$(TARGET_NAME)";
			};
			name = Debug;
		};
		064C7AB91CD122C8002BC850 /* Release */ = {
			isa = XCBuildConfiguration;
			buildSettings = {
				ASSETCATALOG_COMPILER_APPICON_NAME = AppIcon;
				CODE_SIGN_IDENTITY = "iPhone Developer";
				INFOPLIST_FILE = BullsEye/Info.plist;
				LD_RUNPATH_SEARCH_PATHS = "$(inherited) @executable_path/Frameworks";
				PRODUCT_BUNDLE_IDENTIFIER = com.alexr.BullsEye;
				PRODUCT_NAME = "$(TARGET_NAME)";
			};
			name = Release;
		};
/* End XCBuildConfiguration section */

/* Begin XCConfigurationList section */
		064C7AA01CD122C8002BC850 /* Build configuration list for PBXProject "BullsEye" */ = {
			isa = XCConfigurationList;
			buildConfigurations = (
				064C7AB51CD122C8002BC850 /* Debug */,
				064C7AB61CD122C8002BC850 /* Release */,
			);
			defaultConfigurationIsVisible = 0;
			defaultConfigurationName = Release;
		};
		064C7AB71CD122C8002BC850 /* Build configuration list for PBXNativeTarget "BullsEye" */ = {
			isa = XCConfigurationList;
			buildConfigurations = (
				064C7AB81CD122C8002BC850 /* Debug */,
				064C7AB91CD122C8002BC850 /* Release */,
			);
			defaultConfigurationIsVisible = 0;
		};
/* End XCConfigurationList section */
	};
	rootObject = 064C7A9D1CD122C8002BC850 /* Project object */;
}
